// !$*UTF8*$!
{
	archiveVersion = 1;
	classes = {
	};
	objectVersion = 56;
	objects = {

/* Begin PBXBuildFile section */
		113A69652BB422DD000F59DA /* AppDelegate.swift in Sources */ = {isa = PBXBuildFile; fileRef = 113A69642BB422DD000F59DA /* AppDelegate.swift */; };
		113A69672BB422DD000F59DA /* ContentView.swift in Sources */ = {isa = PBXBuildFile; fileRef = 113A69662BB422DD000F59DA /* ContentView.swift */; };
		113A69692BB422DF000F59DA /* Assets.xcassets in Resources */ = {isa = PBXBuildFile; fileRef = 113A69682BB422DF000F59DA /* Assets.xcassets */; };
		113A696C2BB422DF000F59DA /* Preview Assets.xcassets in Resources */ = {isa = PBXBuildFile; fileRef = 113A696B2BB422DF000F59DA /* Preview Assets.xcassets */; };
		D99FB26F2C45670400A78EA6 /* CaptureTrack.swift in Sources */ = {isa = PBXBuildFile; fileRef = D99FB26E2C45670400A78EA6 /* CaptureTrack.swift */; };
		D99FB2822C495DA000A78EA6 /* hemisphere.usdz in Resources */ = {isa = PBXBuildFile; fileRef = D99FB2812C495DA000A78EA6 /* hemisphere.usdz */; };
		D9BD36DE2C416C4A00CC45A8 /* ARViewModel.swift in Sources */ = {isa = PBXBuildFile; fileRef = D9BD36DD2C416C4A00CC45A8 /* ARViewModel.swift */; };
		D9BD36E02C416CE600CC45A8 /* DatasetWriter.swift in Sources */ = {isa = PBXBuildFile; fileRef = D9BD36DF2C416CE600CC45A8 /* DatasetWriter.swift */; };
		D9BD36E22C416D2100CC45A8 /* Utils.swift in Sources */ = {isa = PBXBuildFile; fileRef = D9BD36E12C416D2100CC45A8 /* Utils.swift */; };
		D9BD36E52C416D9600CC45A8 /* Manifest.swift in Sources */ = {isa = PBXBuildFile; fileRef = D9BD36E42C416D9600CC45A8 /* Manifest.swift */; };
		D9BD36E72C41724000CC45A8 /* AppState.swift in Sources */ = {isa = PBXBuildFile; fileRef = D9BD36E62C41724000CC45A8 /* AppState.swift */; };
		D9BD36EA2C4175F300CC45A8 /* Zip in Frameworks */ = {isa = PBXBuildFile; productRef = D9BD36E92C4175F300CC45A8 /* Zip */; };
		D9E59D8B2C443D140069DFBC /* ARViewContainer.swift in Sources */ = {isa = PBXBuildFile; fileRef = D9E59D8A2C443D140069DFBC /* ARViewContainer.swift */; };
		D9E59D8D2C443DA90069DFBC /* Coordinator.swift in Sources */ = {isa = PBXBuildFile; fileRef = D9E59D8C2C443DA90069DFBC /* Coordinator.swift */; };
		D9E59D8F2C443E0A0069DFBC /* BoundingBox.swift in Sources */ = {isa = PBXBuildFile; fileRef = D9E59D8E2C443E0A0069DFBC /* BoundingBox.swift */; };
/* End PBXBuildFile section */

/* Begin PBXFileReference section */
		113A69612BB422DD000F59DA /* RealityCapture.app */ = {isa = PBXFileReference; explicitFileType = wrapper.application; includeInIndex = 0; path = RealityCapture.app; sourceTree = BUILT_PRODUCTS_DIR; };
		113A69642BB422DD000F59DA /* AppDelegate.swift */ = {isa = PBXFileReference; lastKnownFileType = sourcecode.swift; path = AppDelegate.swift; sourceTree = "<group>"; };
		113A69662BB422DD000F59DA /* ContentView.swift */ = {isa = PBXFileReference; lastKnownFileType = sourcecode.swift; path = ContentView.swift; sourceTree = "<group>"; };
		113A69682BB422DF000F59DA /* Assets.xcassets */ = {isa = PBXFileReference; lastKnownFileType = folder.assetcatalog; path = Assets.xcassets; sourceTree = "<group>"; };
		113A696B2BB422DF000F59DA /* Preview Assets.xcassets */ = {isa = PBXFileReference; lastKnownFileType = folder.assetcatalog; path = "Preview Assets.xcassets"; sourceTree = "<group>"; };
		113A69722BB432EA000F59DA /* Info.plist */ = {isa = PBXFileReference; lastKnownFileType = text.plist; path = Info.plist; sourceTree = "<group>"; };
		D99FB26E2C45670400A78EA6 /* CaptureTrack.swift */ = {isa = PBXFileReference; lastKnownFileType = sourcecode.swift; path = CaptureTrack.swift; sourceTree = "<group>"; };
		D99FB2812C495DA000A78EA6 /* hemisphere.usdz */ = {isa = PBXFileReference; lastKnownFileType = file.usdz; name = hemisphere.usdz; path = ../../../../Downloads/hemisphere.usdz; sourceTree = "<group>"; };
		D9BD36DD2C416C4A00CC45A8 /* ARViewModel.swift */ = {isa = PBXFileReference; lastKnownFileType = sourcecode.swift; path = ARViewModel.swift; sourceTree = "<group>"; };
		D9BD36DF2C416CE600CC45A8 /* DatasetWriter.swift */ = {isa = PBXFileReference; lastKnownFileType = sourcecode.swift; path = DatasetWriter.swift; sourceTree = "<group>"; };
		D9BD36E12C416D2100CC45A8 /* Utils.swift */ = {isa = PBXFileReference; lastKnownFileType = sourcecode.swift; path = Utils.swift; sourceTree = "<group>"; };
		D9BD36E42C416D9600CC45A8 /* Manifest.swift */ = {isa = PBXFileReference; lastKnownFileType = sourcecode.swift; path = Manifest.swift; sourceTree = "<group>"; };
		D9BD36E62C41724000CC45A8 /* AppState.swift */ = {isa = PBXFileReference; lastKnownFileType = sourcecode.swift; path = AppState.swift; sourceTree = "<group>"; };
		D9E59D8A2C443D140069DFBC /* ARViewContainer.swift */ = {isa = PBXFileReference; lastKnownFileType = sourcecode.swift; path = ARViewContainer.swift; sourceTree = "<group>"; };
		D9E59D8C2C443DA90069DFBC /* Coordinator.swift */ = {isa = PBXFileReference; lastKnownFileType = sourcecode.swift; path = Coordinator.swift; sourceTree = "<group>"; };
		D9E59D8E2C443E0A0069DFBC /* BoundingBox.swift */ = {isa = PBXFileReference; lastKnownFileType = sourcecode.swift; path = BoundingBox.swift; sourceTree = "<group>"; };
/* End PBXFileReference section */

/* Begin PBXFrameworksBuildPhase section */
		113A695E2BB422DD000F59DA /* Frameworks */ = {
			isa = PBXFrameworksBuildPhase;
			buildActionMask = 2147483647;
			files = (
				D9BD36EA2C4175F300CC45A8 /* Zip in Frameworks */,
			);
			runOnlyForDeploymentPostprocessing = 0;
		};
/* End PBXFrameworksBuildPhase section */

/* Begin PBXGroup section */
		113A69582BB422DD000F59DA = {
			isa = PBXGroup;
			children = (
				113A69632BB422DD000F59DA /* RealityCapture */,
				113A69622BB422DD000F59DA /* Products */,
			);
			sourceTree = "<group>";
		};
		113A69622BB422DD000F59DA /* Products */ = {
			isa = PBXGroup;
			children = (
				113A69612BB422DD000F59DA /* RealityCapture.app */,
			);
			name = Products;
			sourceTree = "<group>";
		};
		113A69632BB422DD000F59DA /* RealityCapture */ = {
			isa = PBXGroup;
			children = (
				D9BD36E32C416D8100CC45A8 /* Model */,
				113A69752BB43362000F59DA /* View */,
				D9BD36DC2C416C2A00CC45A8 /* ViewModel */,
				113A69722BB432EA000F59DA /* Info.plist */,
				113A69642BB422DD000F59DA /* AppDelegate.swift */,
				D9BD36E12C416D2100CC45A8 /* Utils.swift */,
				D99FB2812C495DA000A78EA6 /* hemisphere.usdz */,
				113A69682BB422DF000F59DA /* Assets.xcassets */,
				113A696A2BB422DF000F59DA /* Preview Content */,
			);
			path = RealityCapture;
			sourceTree = "<group>";
		};
		113A696A2BB422DF000F59DA /* Preview Content */ = {
			isa = PBXGroup;
			children = (
				113A696B2BB422DF000F59DA /* Preview Assets.xcassets */,
			);
			path = "Preview Content";
			sourceTree = "<group>";
		};
		113A69752BB43362000F59DA /* View */ = {
			isa = PBXGroup;
			children = (
				113A69662BB422DD000F59DA /* ContentView.swift */,
				D9E59D8A2C443D140069DFBC /* ARViewContainer.swift */,
				D9E59D8C2C443DA90069DFBC /* Coordinator.swift */,
				D9E59D8E2C443E0A0069DFBC /* BoundingBox.swift */,
				D99FB26E2C45670400A78EA6 /* CaptureTrack.swift */,
			);
			path = View;
			sourceTree = "<group>";
		};
		D9BD36DC2C416C2A00CC45A8 /* ViewModel */ = {
			isa = PBXGroup;
			children = (
				D9BD36DD2C416C4A00CC45A8 /* ARViewModel.swift */,
			);
			path = ViewModel;
			sourceTree = "<group>";
		};
		D9BD36E32C416D8100CC45A8 /* Model */ = {
			isa = PBXGroup;
			children = (
				D9BD36E42C416D9600CC45A8 /* Manifest.swift */,
				D9BD36DF2C416CE600CC45A8 /* DatasetWriter.swift */,
				D9BD36E62C41724000CC45A8 /* AppState.swift */,
			);
			path = Model;
			sourceTree = "<group>";
		};
/* End PBXGroup section */

/* Begin PBXNativeTarget section */
		113A69602BB422DD000F59DA /* RealityCapture */ = {
			isa = PBXNativeTarget;
			buildConfigurationList = 113A696F2BB422DF000F59DA /* Build configuration list for PBXNativeTarget "RealityCapture" */;
			buildPhases = (
				113A695D2BB422DD000F59DA /* Sources */,
				113A695E2BB422DD000F59DA /* Frameworks */,
				113A695F2BB422DD000F59DA /* Resources */,
			);
			buildRules = (
			);
			dependencies = (
			);
			name = RealityCapture;
			packageProductDependencies = (
				D9BD36E92C4175F300CC45A8 /* Zip */,
			);
			productName = RealityCapture;
			productReference = 113A69612BB422DD000F59DA /* RealityCapture.app */;
			productType = "com.apple.product-type.application";
		};
/* End PBXNativeTarget section */

/* Begin PBXProject section */
		113A69592BB422DD000F59DA /* Project object */ = {
			isa = PBXProject;
			attributes = {
				BuildIndependentTargetsInParallel = 1;
				LastSwiftUpdateCheck = 1520;
				LastUpgradeCheck = 1520;
				TargetAttributes = {
					113A69602BB422DD000F59DA = {
						CreatedOnToolsVersion = 15.2;
					};
				};
			};
			buildConfigurationList = 113A695C2BB422DD000F59DA /* Build configuration list for PBXProject "RealityCapture" */;
			compatibilityVersion = "Xcode 14.0";
			developmentRegion = en;
			hasScannedForEncodings = 0;
			knownRegions = (
				en,
				Base,
			);
			mainGroup = 113A69582BB422DD000F59DA;
			packageReferences = (
				D9BD36E82C4175F300CC45A8 /* XCRemoteSwiftPackageReference "Zip" */,
			);
			productRefGroup = 113A69622BB422DD000F59DA /* Products */;
			projectDirPath = "";
			projectRoot = "";
			targets = (
				113A69602BB422DD000F59DA /* RealityCapture */,
			);
		};
/* End PBXProject section */

/* Begin PBXResourcesBuildPhase section */
		113A695F2BB422DD000F59DA /* Resources */ = {
			isa = PBXResourcesBuildPhase;
			buildActionMask = 2147483647;
			files = (
				D99FB2822C495DA000A78EA6 /* hemisphere.usdz in Resources */,
				113A696C2BB422DF000F59DA /* Preview Assets.xcassets in Resources */,
				113A69692BB422DF000F59DA /* Assets.xcassets in Resources */,
			);
			runOnlyForDeploymentPostprocessing = 0;
		};
/* End PBXResourcesBuildPhase section */

/* Begin PBXSourcesBuildPhase section */
		113A695D2BB422DD000F59DA /* Sources */ = {
			isa = PBXSourcesBuildPhase;
			buildActionMask = 2147483647;
			files = (
				D9BD36E52C416D9600CC45A8 /* Manifest.swift in Sources */,
				D99FB26F2C45670400A78EA6 /* CaptureTrack.swift in Sources */,
				D9E59D8B2C443D140069DFBC /* ARViewContainer.swift in Sources */,
				D9BD36E02C416CE600CC45A8 /* DatasetWriter.swift in Sources */,
				D9BD36E72C41724000CC45A8 /* AppState.swift in Sources */,
				113A69672BB422DD000F59DA /* ContentView.swift in Sources */,
				D9E59D8F2C443E0A0069DFBC /* BoundingBox.swift in Sources */,
				113A69652BB422DD000F59DA /* AppDelegate.swift in Sources */,
				D9BD36DE2C416C4A00CC45A8 /* ARViewModel.swift in Sources */,
				D9BD36E22C416D2100CC45A8 /* Utils.swift in Sources */,
				D9E59D8D2C443DA90069DFBC /* Coordinator.swift in Sources */,
			);
			runOnlyForDeploymentPostprocessing = 0;
		};
/* End PBXSourcesBuildPhase section */

/* Begin XCBuildConfiguration section */
		113A696D2BB422DF000F59DA /* Debug */ = {
			isa = XCBuildConfiguration;
			buildSettings = {
				ALWAYS_SEARCH_USER_PATHS = NO;
				ASSETCATALOG_COMPILER_GENERATE_SWIFT_ASSET_SYMBOL_EXTENSIONS = YES;
				CLANG_ANALYZER_NONNULL = YES;
				CLANG_ANALYZER_NUMBER_OBJECT_CONVERSION = YES_AGGRESSIVE;
				CLANG_CXX_LANGUAGE_STANDARD = "gnu++20";
				CLANG_ENABLE_MODULES = YES;
				CLANG_ENABLE_OBJC_ARC = YES;
				CLANG_ENABLE_OBJC_WEAK = YES;
				CLANG_WARN_BLOCK_CAPTURE_AUTORELEASING = YES;
				CLANG_WARN_BOOL_CONVERSION = YES;
				CLANG_WARN_COMMA = YES;
				CLANG_WARN_CONSTANT_CONVERSION = YES;
				CLANG_WARN_DEPRECATED_OBJC_IMPLEMENTATIONS = YES;
				CLANG_WARN_DIRECT_OBJC_ISA_USAGE = YES_ERROR;
				CLANG_WARN_DOCUMENTATION_COMMENTS = YES;
				CLANG_WARN_EMPTY_BODY = YES;
				CLANG_WARN_ENUM_CONVERSION = YES;
				CLANG_WARN_INFINITE_RECURSION = YES;
				CLANG_WARN_INT_CONVERSION = YES;
				CLANG_WARN_NON_LITERAL_NULL_CONVERSION = YES;
				CLANG_WARN_OBJC_IMPLICIT_RETAIN_SELF = YES;
				CLANG_WARN_OBJC_LITERAL_CONVERSION = YES;
				CLANG_WARN_OBJC_ROOT_CLASS = YES_ERROR;
				CLANG_WARN_QUOTED_INCLUDE_IN_FRAMEWORK_HEADER = YES;
				CLANG_WARN_RANGE_LOOP_ANALYSIS = YES;
				CLANG_WARN_STRICT_PROTOTYPES = YES;
				CLANG_WARN_SUSPICIOUS_MOVE = YES;
				CLANG_WARN_UNGUARDED_AVAILABILITY = YES_AGGRESSIVE;
				CLANG_WARN_UNREACHABLE_CODE = YES;
				CLANG_WARN__DUPLICATE_METHOD_MATCH = YES;
				COPY_PHASE_STRIP = NO;
				DEBUG_INFORMATION_FORMAT = dwarf;
				ENABLE_STRICT_OBJC_MSGSEND = YES;
				ENABLE_TESTABILITY = YES;
				ENABLE_USER_SCRIPT_SANDBOXING = YES;
				GCC_C_LANGUAGE_STANDARD = gnu17;
				GCC_DYNAMIC_NO_PIC = NO;
				GCC_NO_COMMON_BLOCKS = YES;
				GCC_OPTIMIZATION_LEVEL = 0;
				GCC_PREPROCESSOR_DEFINITIONS = (
					"DEBUG=1",
					"$(inherited)",
				);
				GCC_WARN_64_TO_32_BIT_CONVERSION = YES;
				GCC_WARN_ABOUT_RETURN_TYPE = YES_ERROR;
				GCC_WARN_UNDECLARED_SELECTOR = YES;
				GCC_WARN_UNINITIALIZED_AUTOS = YES_AGGRESSIVE;
				GCC_WARN_UNUSED_FUNCTION = YES;
				GCC_WARN_UNUSED_VARIABLE = YES;
				IPHONEOS_DEPLOYMENT_TARGET = 17.2;
				LOCALIZATION_PREFERS_STRING_CATALOGS = YES;
				MTL_ENABLE_DEBUG_INFO = INCLUDE_SOURCE;
				MTL_FAST_MATH = YES;
				ONLY_ACTIVE_ARCH = YES;
				SDKROOT = iphoneos;
				SWIFT_ACTIVE_COMPILATION_CONDITIONS = "DEBUG $(inherited)";
				SWIFT_OPTIMIZATION_LEVEL = "-Onone";
			};
			name = Debug;
		};
		113A696E2BB422DF000F59DA /* Release */ = {
			isa = XCBuildConfiguration;
			buildSettings = {
				ALWAYS_SEARCH_USER_PATHS = NO;
				ASSETCATALOG_COMPILER_GENERATE_SWIFT_ASSET_SYMBOL_EXTENSIONS = YES;
				CLANG_ANALYZER_NONNULL = YES;
				CLANG_ANALYZER_NUMBER_OBJECT_CONVERSION = YES_AGGRESSIVE;
				CLANG_CXX_LANGUAGE_STANDARD = "gnu++20";
				CLANG_ENABLE_MODULES = YES;
				CLANG_ENABLE_OBJC_ARC = YES;
				CLANG_ENABLE_OBJC_WEAK = YES;
				CLANG_WARN_BLOCK_CAPTURE_AUTORELEASING = YES;
				CLANG_WARN_BOOL_CONVERSION = YES;
				CLANG_WARN_COMMA = YES;
				CLANG_WARN_CONSTANT_CONVERSION = YES;
				CLANG_WARN_DEPRECATED_OBJC_IMPLEMENTATIONS = YES;
				CLANG_WARN_DIRECT_OBJC_ISA_USAGE = YES_ERROR;
				CLANG_WARN_DOCUMENTATION_COMMENTS = YES;
				CLANG_WARN_EMPTY_BODY = YES;
				CLANG_WARN_ENUM_CONVERSION = YES;
				CLANG_WARN_INFINITE_RECURSION = YES;
				CLANG_WARN_INT_CONVERSION = YES;
				CLANG_WARN_NON_LITERAL_NULL_CONVERSION = YES;
				CLANG_WARN_OBJC_IMPLICIT_RETAIN_SELF = YES;
				CLANG_WARN_OBJC_LITERAL_CONVERSION = YES;
				CLANG_WARN_OBJC_ROOT_CLASS = YES_ERROR;
				CLANG_WARN_QUOTED_INCLUDE_IN_FRAMEWORK_HEADER = YES;
				CLANG_WARN_RANGE_LOOP_ANALYSIS = YES;
				CLANG_WARN_STRICT_PROTOTYPES = YES;
				CLANG_WARN_SUSPICIOUS_MOVE = YES;
				CLANG_WARN_UNGUARDED_AVAILABILITY = YES_AGGRESSIVE;
				CLANG_WARN_UNREACHABLE_CODE = YES;
				CLANG_WARN__DUPLICATE_METHOD_MATCH = YES;
				COPY_PHASE_STRIP = NO;
				DEBUG_INFORMATION_FORMAT = "dwarf-with-dsym";
				ENABLE_NS_ASSERTIONS = NO;
				ENABLE_STRICT_OBJC_MSGSEND = YES;
				ENABLE_USER_SCRIPT_SANDBOXING = YES;
				GCC_C_LANGUAGE_STANDARD = gnu17;
				GCC_NO_COMMON_BLOCKS = YES;
				GCC_WARN_64_TO_32_BIT_CONVERSION = YES;
				GCC_WARN_ABOUT_RETURN_TYPE = YES_ERROR;
				GCC_WARN_UNDECLARED_SELECTOR = YES;
				GCC_WARN_UNINITIALIZED_AUTOS = YES_AGGRESSIVE;
				GCC_WARN_UNUSED_FUNCTION = YES;
				GCC_WARN_UNUSED_VARIABLE = YES;
				IPHONEOS_DEPLOYMENT_TARGET = 17.2;
				LOCALIZATION_PREFERS_STRING_CATALOGS = YES;
				MTL_ENABLE_DEBUG_INFO = NO;
				MTL_FAST_MATH = YES;
				SDKROOT = iphoneos;
				SWIFT_COMPILATION_MODE = wholemodule;
				VALIDATE_PRODUCT = YES;
			};
			name = Release;
		};
		113A69702BB422DF000F59DA /* Debug */ = {
			isa = XCBuildConfiguration;
			buildSettings = {
				ASSETCATALOG_COMPILER_APPICON_NAME = AppIcon;
				ASSETCATALOG_COMPILER_GLOBAL_ACCENT_COLOR_NAME = AccentColor;
				CODE_SIGN_STYLE = Automatic;
				CURRENT_PROJECT_VERSION = 1;
				DEVELOPMENT_ASSET_PATHS = "\"RealityCapture/Preview Content\"";
				DEVELOPMENT_TEAM = W58G4AVJG6;
				ENABLE_PREVIEWS = YES;
				GENERATE_INFOPLIST_FILE = YES;
				INFOPLIST_FILE = RealityCapture/Info.plist;
				INFOPLIST_KEY_LSSupportsOpeningDocumentsInPlace = YES;
				INFOPLIST_KEY_NSCameraUsageDescription = "此應用需要使用相機來捕捉AR內容．";
				INFOPLIST_KEY_NSFileProviderDomainUsageDescription = "Access your file~";
				INFOPLIST_KEY_UIApplicationSceneManifest_Generation = NO;
				INFOPLIST_KEY_UIApplicationSupportsIndirectInputEvents = YES;
				INFOPLIST_KEY_UILaunchScreen_Generation = YES;
				INFOPLIST_KEY_UISupportedInterfaceOrientations_iPad = "UIInterfaceOrientationPortrait UIInterfaceOrientationPortraitUpsideDown UIInterfaceOrientationLandscapeLeft UIInterfaceOrientationLandscapeRight";
				INFOPLIST_KEY_UISupportedInterfaceOrientations_iPhone = "UIInterfaceOrientationPortrait UIInterfaceOrientationLandscapeLeft UIInterfaceOrientationLandscapeRight";
				INFOPLIST_KEY_UISupportsDocumentBrowser = YES;
				IPHONEOS_DEPLOYMENT_TARGET = 17.0;
				LD_RUNPATH_SEARCH_PATHS = (
					"$(inherited)",
					"@executable_path/Frameworks",
				);
				MARKETING_VERSION = 1.0;
				PRODUCT_BUNDLE_IDENTIFIER = com.lychen.RealityCapture;
				PRODUCT_NAME = "$(TARGET_NAME)";
				SWIFT_EMIT_LOC_STRINGS = YES;
				SWIFT_VERSION = 5.0;
				TARGETED_DEVICE_FAMILY = "1,2";
			};
			name = Debug;
		};
		113A69712BB422DF000F59DA /* Release */ = {
			isa = XCBuildConfiguration;
			buildSettings = {
				ASSETCATALOG_COMPILER_APPICON_NAME = AppIcon;
				ASSETCATALOG_COMPILER_GLOBAL_ACCENT_COLOR_NAME = AccentColor;
				CODE_SIGN_STYLE = Automatic;
				CURRENT_PROJECT_VERSION = 1;
				DEVELOPMENT_ASSET_PATHS = "\"RealityCapture/Preview Content\"";
				DEVELOPMENT_TEAM = W58G4AVJG6;
				ENABLE_PREVIEWS = YES;
				GENERATE_INFOPLIST_FILE = YES;
				INFOPLIST_FILE = RealityCapture/Info.plist;
				INFOPLIST_KEY_LSSupportsOpeningDocumentsInPlace = YES;
				INFOPLIST_KEY_NSCameraUsageDescription = "此應用需要使用相機來捕捉AR內容．";
				INFOPLIST_KEY_NSFileProviderDomainUsageDescription = "Access your file~";
				INFOPLIST_KEY_UIApplicationSceneManifest_Generation = NO;
				INFOPLIST_KEY_UIApplicationSupportsIndirectInputEvents = YES;
				INFOPLIST_KEY_UILaunchScreen_Generation = YES;
				INFOPLIST_KEY_UISupportedInterfaceOrientations_iPad = "UIInterfaceOrientationPortrait UIInterfaceOrientationPortraitUpsideDown UIInterfaceOrientationLandscapeLeft UIInterfaceOrientationLandscapeRight";
				INFOPLIST_KEY_UISupportedInterfaceOrientations_iPhone = "UIInterfaceOrientationPortrait UIInterfaceOrientationLandscapeLeft UIInterfaceOrientationLandscapeRight";
				INFOPLIST_KEY_UISupportsDocumentBrowser = YES;
				IPHONEOS_DEPLOYMENT_TARGET = 17.0;
				LD_RUNPATH_SEARCH_PATHS = (
					"$(inherited)",
					"@executable_path/Frameworks",
				);
				MARKETING_VERSION = 1.0;
				PRODUCT_BUNDLE_IDENTIFIER = com.lychen.RealityCapture;
				PRODUCT_NAME = "$(TARGET_NAME)";
				SWIFT_EMIT_LOC_STRINGS = YES;
				SWIFT_VERSION = 5.0;
				TARGETED_DEVICE_FAMILY = "1,2";
			};
			name = Release;
		};
/* End XCBuildConfiguration section */

/* Begin XCConfigurationList section */
		113A695C2BB422DD000F59DA /* Build configuration list for PBXProject "RealityCapture" */ = {
			isa = XCConfigurationList;
			buildConfigurations = (
				113A696D2BB422DF000F59DA /* Debug */,
				113A696E2BB422DF000F59DA /* Release */,
			);
			defaultConfigurationIsVisible = 0;
			defaultConfigurationName = Release;
		};
		113A696F2BB422DF000F59DA /* Build configuration list for PBXNativeTarget "RealityCapture" */ = {
			isa = XCConfigurationList;
			buildConfigurations = (
				113A69702BB422DF000F59DA /* Debug */,
				113A69712BB422DF000F59DA /* Release */,
			);
			defaultConfigurationIsVisible = 0;
			defaultConfigurationName = Release;
		};
/* End XCConfigurationList section */

/* Begin XCRemoteSwiftPackageReference section */
		D9BD36E82C4175F300CC45A8 /* XCRemoteSwiftPackageReference "Zip" */ = {
			isa = XCRemoteSwiftPackageReference;
			repositoryURL = "https://github.com/marmelroy/Zip";
			requirement = {
				kind = upToNextMajorVersion;
				minimumVersion = 2.1.2;
			};
		};
/* End XCRemoteSwiftPackageReference section */

/* Begin XCSwiftPackageProductDependency section */
		D9BD36E92C4175F300CC45A8 /* Zip */ = {
			isa = XCSwiftPackageProductDependency;
			package = D9BD36E82C4175F300CC45A8 /* XCRemoteSwiftPackageReference "Zip" */;
			productName = Zip;
		};
/* End XCSwiftPackageProductDependency section */
	};
	rootObject = 113A69592BB422DD000F59DA /* Project object */;
}
